{
  "name": "cordova-plugin-native-http",
  "version": "0.1.0",
  "lockfileVersion": 1,
  "dependencies": {
    "@types/cordova": {
      "version": "0.0.34",
      "resolved": "https://registry.npmjs.org/@types/cordova/-/cordova-0.0.34.tgz",
      "integrity": "sha1-6nrd907Ow9dimCegw54smt3HPQQ=",
      "dev": true
    },
    "@types/node": {
      "version": "7.0.27",
      "resolved": "https://registry.npmjs.org/@types/node/-/node-7.0.27.tgz",
      "integrity": "sha512-2QMiuVOEye2yKmMwE1V96C9HSShmT0WSm6dv2WjacvePEjQNNJGAerTO5hdYhj5lpdK5MW+FVxmyzDhr4omIdw==",
      "dev": true
    },
    "typescript": {
      "version": "2.3.4",
      "resolved": "https://registry.npmjs.org/typescript/-/typescript-2.3.4.tgz",
      "integrity": "sha1-PTgyGCgjHkNPKHUUlZw3qCtin0I=",
      "dev": true
    }
  }
}
